
Microsoft Visual Studio Solution File, Format Version 12.00
# Visual Studio 2012
Project("{FAE04EC0-301F-11D3-BF4B-00C04F79EFBC}") = "WeatherData", "WeatherData\WeatherData.csproj", "{91E72F13-ADD7-431F-9A05-6FB842912844}"
EndProject
Project("{FAE04EC0-301F-11D3-BF4B-00C04F79EFBC}") = "WeatherData.Models", "WeatherData.Models\WeatherData.Models.csproj", "{728F50FC-F901-44CF-85AD-BA947CE17C54}"
EndProject
Project("{FAE04EC0-301F-11D3-BF4B-00C04F79EFBC}") = "WeatherData.Client", "WeatherData.Client\WeatherData.Client.csproj", "{DDDA98FF-57F5-4C31-A917-C8FD11814F83}"
EndProject
Project("{2150E333-8FDC-42A3-9474-1A3956D46DE8}") = "Client", "Client", "{4F1CC122-EA03-4E00-BDF2-B62C05DC1732}"
EndProject
Project("{FAE04EC0-301F-11D3-BF4B-00C04F79EFBC}") = "WeatherData.Client.Tests", "WeatherData.Client.Tests\WeatherData.Client.Tests\WeatherData.Client.Tests.csproj", "{4DA6A962-FB1B-4F6B-ABEE-04A5EA40E9AC}"
EndProject
Project("{FAE04EC0-301F-11D3-BF4B-00C04F79EFBC}") = "WeatherData.Utils", "WeatherData.Utils\WeatherData.Utils.csproj", "{15C79832-8270-4F8F-9031-4A888D2F0154}"
EndProject
Project("{FAE04EC0-301F-11D3-BF4B-00C04F79EFBC}") = "WeatherData.Example", "WeatherData.Example\WeatherData.Example.csproj", "{EB04E89D-80DB-4A41-A309-00EBDEB26CBC}"
EndProject
Global
	GlobalSection(SolutionConfigurationPlatforms) = preSolution
		Debug|Any CPU = Debug|Any CPU
		Release|Any CPU = Release|Any CPU
	EndGlobalSection
	GlobalSection(ProjectConfigurationPlatforms) = postSolution
		{91E72F13-ADD7-431F-9A05-6FB842912844}.Debug|Any CPU.ActiveCfg = Debug|Any CPU
		{91E72F13-ADD7-431F-9A05-6FB842912844}.Debug|Any CPU.Build.0 = Debug|Any CPU
		{91E72F13-ADD7-431F-9A05-6FB842912844}.Release|Any CPU.ActiveCfg = Release|Any CPU
		{91E72F13-ADD7-431F-9A05-6FB842912844}.Release|Any CPU.Build.0 = Release|Any CPU
		{728F50FC-F901-44CF-85AD-BA947CE17C54}.Debug|Any CPU.ActiveCfg = Debug|Any CPU
		{728F50FC-F901-44CF-85AD-BA947CE17C54}.Debug|Any CPU.Build.0 = Debug|Any CPU
		{728F50FC-F901-44CF-85AD-BA947CE17C54}.Release|Any CPU.ActiveCfg = Release|Any CPU
		{728F50FC-F901-44CF-85AD-BA947CE17C54}.Release|Any CPU.Build.0 = Release|Any CPU
		{DDDA98FF-57F5-4C31-A917-C8FD11814F83}.Debug|Any CPU.ActiveCfg = Debug|Any CPU
		{DDDA98FF-57F5-4C31-A917-C8FD11814F83}.Debug|Any CPU.Build.0 = Debug|Any CPU
		{DDDA98FF-57F5-4C31-A917-C8FD11814F83}.Release|Any CPU.ActiveCfg = Release|Any CPU
		{DDDA98FF-57F5-4C31-A917-C8FD11814F83}.Release|Any CPU.Build.0 = Release|Any CPU
		{4DA6A962-FB1B-4F6B-ABEE-04A5EA40E9AC}.Debug|Any CPU.ActiveCfg = Debug|Any CPU
		{4DA6A962-FB1B-4F6B-ABEE-04A5EA40E9AC}.Debug|Any CPU.Build.0 = Debug|Any CPU
		{4DA6A962-FB1B-4F6B-ABEE-04A5EA40E9AC}.Release|Any CPU.ActiveCfg = Release|Any CPU
		{4DA6A962-FB1B-4F6B-ABEE-04A5EA40E9AC}.Release|Any CPU.Build.0 = Release|Any CPU
		{15C79832-8270-4F8F-9031-4A888D2F0154}.Debug|Any CPU.ActiveCfg = Debug|Any CPU
		{15C79832-8270-4F8F-9031-4A888D2F0154}.Debug|Any CPU.Build.0 = Debug|Any CPU
		{15C79832-8270-4F8F-9031-4A888D2F0154}.Release|Any CPU.ActiveCfg = Release|Any CPU
		{15C79832-8270-4F8F-9031-4A888D2F0154}.Release|Any CPU.Build.0 = Release|Any CPU
		{EB04E89D-80DB-4A41-A309-00EBDEB26CBC}.Debug|Any CPU.ActiveCfg = Debug|Any CPU
		{EB04E89D-80DB-4A41-A309-00EBDEB26CBC}.Debug|Any CPU.Build.0 = Debug|Any CPU
		{EB04E89D-80DB-4A41-A309-00EBDEB26CBC}.Release|Any CPU.ActiveCfg = Release|Any CPU
		{EB04E89D-80DB-4A41-A309-00EBDEB26CBC}.Release|Any CPU.Build.0 = Release|Any CPU
	EndGlobalSection
	GlobalSection(NestedProjects) = preSolution
		{DDDA98FF-57F5-4C31-A917-C8FD11814F83} = {4F1CC122-EA03-4E00-BDF2-B62C05DC1732}
		{4DA6A962-FB1B-4F6B-ABEE-04A5EA40E9AC} = {4F1CC122-EA03-4E00-BDF2-B62C05DC1732}
	EndGlobalSection
EndGlobal
